// !$*UTF8*$!
{
	archiveVersion = 1;
	classes = {
	};
	objectVersion = 46;
	objects = {

/* Begin PBXBuildFile section */
		E56BD31518DE92A500A9FFD7 /* Foundation.framework in Frameworks */ = {isa = PBXBuildFile; fileRef = E56BD31418DE92A500A9FFD7 /* Foundation.framework */; };
		E56BD31718DE92A500A9FFD7 /* CoreGraphics.framework in Frameworks */ = {isa = PBXBuildFile; fileRef = E56BD31618DE92A500A9FFD7 /* CoreGraphics.framework */; };
		E56BD31918DE92A500A9FFD7 /* UIKit.framework in Frameworks */ = {isa = PBXBuildFile; fileRef = E56BD31818DE92A500A9FFD7 /* UIKit.framework */; };
		E56BD31F18DE92A500A9FFD7 /* InfoPlist.strings in Resources */ = {isa = PBXBuildFile; fileRef = E56BD31D18DE92A500A9FFD7 /* InfoPlist.strings */; };
		E56BD32118DE92A500A9FFD7 /* main.m in Sources */ = {isa = PBXBuildFile; fileRef = E56BD32018DE92A500A9FFD7 /* main.m */; };
		E56BD32518DE92A500A9FFD7 /* EXEAppDelegate.m in Sources */ = {isa = PBXBuildFile; fileRef = E56BD32418DE92A500A9FFD7 /* EXEAppDelegate.m */; };
		E56BD32718DE92A500A9FFD7 /* Images.xcassets in Resources */ = {isa = PBXBuildFile; fileRef = E56BD32618DE92A500A9FFD7 /* Images.xcassets */; };
		E56BD32E18DE92A500A9FFD7 /* XCTest.framework in Frameworks */ = {isa = PBXBuildFile; fileRef = E56BD32D18DE92A500A9FFD7 /* XCTest.framework */; };
		E56BD32F18DE92A500A9FFD7 /* Foundation.framework in Frameworks */ = {isa = PBXBuildFile; fileRef = E56BD31418DE92A500A9FFD7 /* Foundation.framework */; };
		E56BD33018DE92A500A9FFD7 /* UIKit.framework in Frameworks */ = {isa = PBXBuildFile; fileRef = E56BD31818DE92A500A9FFD7 /* UIKit.framework */; };
		E56BD33818DE92A500A9FFD7 /* InfoPlist.strings in Resources */ = {isa = PBXBuildFile; fileRef = E56BD33618DE92A500A9FFD7 /* InfoPlist.strings */; };
		E56BD33A18DE92A500A9FFD7 /* ExecuteTests.m in Sources */ = {isa = PBXBuildFile; fileRef = E56BD33918DE92A500A9FFD7 /* ExecuteTests.m */; };
		E578868218DE96EC0061AFDE /* EXEPlayViewController.m in Sources */ = {isa = PBXBuildFile; fileRef = E578868118DE96EC0061AFDE /* EXEPlayViewController.m */; };
/* End PBXBuildFile section */

/* Begin PBXContainerItemProxy section */
		E56BD33118DE92A500A9FFD7 /* PBXContainerItemProxy */ = {
			isa = PBXContainerItemProxy;
			containerPortal = E56BD30918DE92A500A9FFD7 /* Project object */;
			proxyType = 1;
			remoteGlobalIDString = E56BD31018DE92A500A9FFD7;
			remoteInfo = Execute;
		};
/* End PBXContainerItemProxy section */

/* Begin PBXFileReference section */
		E56BD31118DE92A500A9FFD7 /* Execute.app */ = {isa = PBXFileReference; explicitFileType = wrapper.application; includeInIndex = 0; path = Execute.app; sourceTree = BUILT_PRODUCTS_DIR; };
		E56BD31418DE92A500A9FFD7 /* Foundation.framework */ = {isa = PBXFileReference; lastKnownFileType = wrapper.framework; name = Foundation.framework; path = System/Library/Frameworks/Foundation.framework; sourceTree = SDKROOT; };
		E56BD31618DE92A500A9FFD7 /* CoreGraphics.framework */ = {isa = PBXFileReference; lastKnownFileType = wrapper.framework; name = CoreGraphics.framework; path = System/Library/Frameworks/CoreGraphics.framework; sourceTree = SDKROOT; };
		E56BD31818DE92A500A9FFD7 /* UIKit.framework */ = {isa = PBXFileReference; lastKnownFileType = wrapper.framework; name = UIKit.framework; path = System/Library/Frameworks/UIKit.framework; sourceTree = SDKROOT; };
		E56BD31C18DE92A500A9FFD7 /* Execute-Info.plist */ = {isa = PBXFileReference; lastKnownFileType = text.plist.xml; path = "Execute-Info.plist"; sourceTree = "<group>"; };
		E56BD31E18DE92A500A9FFD7 /* en */ = {isa = PBXFileReference; lastKnownFileType = text.plist.strings; name = en; path = en.lproj/InfoPlist.strings; sourceTree = "<group>"; };
		E56BD32018DE92A500A9FFD7 /* main.m */ = {isa = PBXFileReference; lastKnownFileType = sourcecode.c.objc; path = main.m; sourceTree = "<group>"; };
		E56BD32218DE92A500A9FFD7 /* Execute-Prefix.pch */ = {isa = PBXFileReference; lastKnownFileType = sourcecode.c.h; path = "Execute-Prefix.pch"; sourceTree = "<group>"; };
		E56BD32318DE92A500A9FFD7 /* EXEAppDelegate.h */ = {isa = PBXFileReference; lastKnownFileType = sourcecode.c.h; path = EXEAppDelegate.h; sourceTree = "<group>"; };
		E56BD32418DE92A500A9FFD7 /* EXEAppDelegate.m */ = {isa = PBXFileReference; lastKnownFileType = sourcecode.c.objc; path = EXEAppDelegate.m; sourceTree = "<group>"; };
		E56BD32618DE92A500A9FFD7 /* Images.xcassets */ = {isa = PBXFileReference; lastKnownFileType = folder.assetcatalog; path = Images.xcassets; sourceTree = "<group>"; };
		E56BD32C18DE92A500A9FFD7 /* ExecuteTests.xctest */ = {isa = PBXFileReference; explicitFileType = wrapper.cfbundle; includeInIndex = 0; path = ExecuteTests.xctest; sourceTree = BUILT_PRODUCTS_DIR; };
		E56BD32D18DE92A500A9FFD7 /* XCTest.framework */ = {isa = PBXFileReference; lastKnownFileType = wrapper.framework; name = XCTest.framework; path = Library/Frameworks/XCTest.framework; sourceTree = DEVELOPER_DIR; };
		E56BD33518DE92A500A9FFD7 /* ExecuteTests-Info.plist */ = {isa = PBXFileReference; lastKnownFileType = text.plist.xml; path = "ExecuteTests-Info.plist"; sourceTree = "<group>"; };
		E56BD33718DE92A500A9FFD7 /* en */ = {isa = PBXFileReference; lastKnownFileType = text.plist.strings; name = en; path = en.lproj/InfoPlist.strings; sourceTree = "<group>"; };
		E56BD33918DE92A500A9FFD7 /* ExecuteTests.m */ = {isa = PBXFileReference; lastKnownFileType = sourcecode.c.objc; path = ExecuteTests.m; sourceTree = "<group>"; };
		E578868018DE96EC0061AFDE /* EXEPlayViewController.h */ = {isa = PBXFileReference; fileEncoding = 4; lastKnownFileType = sourcecode.c.h; path = EXEPlayViewController.h; sourceTree = "<group>"; };
		E578868118DE96EC0061AFDE /* EXEPlayViewController.m */ = {isa = PBXFileReference; fileEncoding = 4; lastKnownFileType = sourcecode.c.objc; path = EXEPlayViewController.m; sourceTree = "<group>"; };
/* End PBXFileReference section */

/* Begin PBXFrameworksBuildPhase section */
		E56BD30E18DE92A500A9FFD7 /* Frameworks */ = {
			isa = PBXFrameworksBuildPhase;
			buildActionMask = 2147483647;
			files = (
				E56BD31718DE92A500A9FFD7 /* CoreGraphics.framework in Frameworks */,
				E56BD31918DE92A500A9FFD7 /* UIKit.framework in Frameworks */,
				E56BD31518DE92A500A9FFD7 /* Foundation.framework in Frameworks */,
			);
			runOnlyForDeploymentPostprocessing = 0;
		};
		E56BD32918DE92A500A9FFD7 /* Frameworks */ = {
			isa = PBXFrameworksBuildPhase;
			buildActionMask = 2147483647;
			files = (
				E56BD32E18DE92A500A9FFD7 /* XCTest.framework in Frameworks */,
				E56BD33018DE92A500A9FFD7 /* UIKit.framework in Frameworks */,
				E56BD32F18DE92A500A9FFD7 /* Foundation.framework in Frameworks */,
			);
			runOnlyForDeploymentPostprocessing = 0;
		};
/* End PBXFrameworksBuildPhase section */

/* Begin PBXGroup section */
		E56BD30818DE92A500A9FFD7 = {
			isa = PBXGroup;
			children = (
				E56BD31A18DE92A500A9FFD7 /* Execute */,
				E56BD33318DE92A500A9FFD7 /* ExecuteTests */,
				E56BD31318DE92A500A9FFD7 /* Frameworks */,
				E56BD31218DE92A500A9FFD7 /* Products */,
			);
			sourceTree = "<group>";
		};
		E56BD31218DE92A500A9FFD7 /* Products */ = {
			isa = PBXGroup;
			children = (
				E56BD31118DE92A500A9FFD7 /* Execute.app */,
				E56BD32C18DE92A500A9FFD7 /* ExecuteTests.xctest */,
			);
			name = Products;
			sourceTree = "<group>";
		};
		E56BD31318DE92A500A9FFD7 /* Frameworks */ = {
			isa = PBXGroup;
			children = (
				E56BD31418DE92A500A9FFD7 /* Foundation.framework */,
				E56BD31618DE92A500A9FFD7 /* CoreGraphics.framework */,
				E56BD31818DE92A500A9FFD7 /* UIKit.framework */,
				E56BD32D18DE92A500A9FFD7 /* XCTest.framework */,
			);
			name = Frameworks;
			sourceTree = "<group>";
		};
		E56BD31A18DE92A500A9FFD7 /* Execute */ = {
			isa = PBXGroup;
			children = (
				E56BD32318DE92A500A9FFD7 /* EXEAppDelegate.h */,
				E56BD32418DE92A500A9FFD7 /* EXEAppDelegate.m */,
				E56BD32618DE92A500A9FFD7 /* Images.xcassets */,
				E56BD31B18DE92A500A9FFD7 /* Supporting Files */,
				E578868018DE96EC0061AFDE /* EXEPlayViewController.h */,
				E578868118DE96EC0061AFDE /* EXEPlayViewController.m */,
			);
			path = Execute;
			sourceTree = "<group>";
		};
		E56BD31B18DE92A500A9FFD7 /* Supporting Files */ = {
			isa = PBXGroup;
			children = (
				E56BD31C18DE92A500A9FFD7 /* Execute-Info.plist */,
				E56BD31D18DE92A500A9FFD7 /* InfoPlist.strings */,
				E56BD32018DE92A500A9FFD7 /* main.m */,
				E56BD32218DE92A500A9FFD7 /* Execute-Prefix.pch */,
			);
			name = "Supporting Files";
			sourceTree = "<group>";
		};
		E56BD33318DE92A500A9FFD7 /* ExecuteTests */ = {
			isa = PBXGroup;
			children = (
				E56BD33918DE92A500A9FFD7 /* ExecuteTests.m */,
				E56BD33418DE92A500A9FFD7 /* Supporting Files */,
			);
			path = ExecuteTests;
			sourceTree = "<group>";
		};
		E56BD33418DE92A500A9FFD7 /* Supporting Files */ = {
			isa = PBXGroup;
			children = (
				E56BD33518DE92A500A9FFD7 /* ExecuteTests-Info.plist */,
				E56BD33618DE92A500A9FFD7 /* InfoPlist.strings */,
			);
			name = "Supporting Files";
			sourceTree = "<group>";
		};
/* End PBXGroup section */

/* Begin PBXNativeTarget section */
		E56BD31018DE92A500A9FFD7 /* Execute */ = {
			isa = PBXNativeTarget;
			buildConfigurationList = E56BD33D18DE92A500A9FFD7 /* Build configuration list for PBXNativeTarget "Execute" */;
			buildPhases = (
				E56BD30D18DE92A500A9FFD7 /* Sources */,
				E56BD30E18DE92A500A9FFD7 /* Frameworks */,
				E56BD30F18DE92A500A9FFD7 /* Resources */,
			);
			buildRules = (
			);
			dependencies = (
			);
			name = Execute;
			productName = Execute;
			productReference = E56BD31118DE92A500A9FFD7 /* Execute.app */;
			productType = "com.apple.product-type.application";
		};
		E56BD32B18DE92A500A9FFD7 /* ExecuteTests */ = {
			isa = PBXNativeTarget;
			buildConfigurationList = E56BD34018DE92A500A9FFD7 /* Build configuration list for PBXNativeTarget "ExecuteTests" */;
			buildPhases = (
				E56BD32818DE92A500A9FFD7 /* Sources */,
				E56BD32918DE92A500A9FFD7 /* Frameworks */,
				E56BD32A18DE92A500A9FFD7 /* Resources */,
			);
			buildRules = (
			);
			dependencies = (
				E56BD33218DE92A500A9FFD7 /* PBXTargetDependency */,
			);
			name = ExecuteTests;
			productName = ExecuteTests;
			productReference = E56BD32C18DE92A500A9FFD7 /* ExecuteTests.xctest */;
			productType = "com.apple.product-type.bundle.unit-test";
		};
/* End PBXNativeTarget section */

/* Begin PBXProject section */
		E56BD30918DE92A500A9FFD7 /* Project object */ = {
			isa = PBXProject;
			attributes = {
				CLASSPREFIX = EXE;
				LastUpgradeCheck = 0510;
				ORGANIZATIONNAME = "Eric Pan";
				TargetAttributes = {
					E56BD32B18DE92A500A9FFD7 = {
						TestTargetID = E56BD31018DE92A500A9FFD7;
					};
				};
			};
			buildConfigurationList = E56BD30C18DE92A500A9FFD7 /* Build configuration list for PBXProject "Execute" */;
			compatibilityVersion = "Xcode 3.2";
			developmentRegion = English;
			hasScannedForEncodings = 0;
			knownRegions = (
				en,
			);
			mainGroup = E56BD30818DE92A500A9FFD7;
			productRefGroup = E56BD31218DE92A500A9FFD7 /* Products */;
			projectDirPath = "";
			projectRoot = "";
			targets = (
				E56BD31018DE92A500A9FFD7 /* Execute */,
				E56BD32B18DE92A500A9FFD7 /* ExecuteTests */,
			);
		};
/* End PBXProject section */

/* Begin PBXResourcesBuildPhase section */
		E56BD30F18DE92A500A9FFD7 /* Resources */ = {
			isa = PBXResourcesBuildPhase;
			buildActionMask = 2147483647;
			files = (
				E56BD31F18DE92A500A9FFD7 /* InfoPlist.strings in Resources */,
				E56BD32718DE92A500A9FFD7 /* Images.xcassets in Resources */,
			);
			runOnlyForDeploymentPostprocessing = 0;
		};
		E56BD32A18DE92A500A9FFD7 /* Resources */ = {
			isa = PBXResourcesBuildPhase;
			buildActionMask = 2147483647;
			files = (
				E56BD33818DE92A500A9FFD7 /* InfoPlist.strings in Resources */,
			);
			runOnlyForDeploymentPostprocessing = 0;
		};
/* End PBXResourcesBuildPhase section */

/* Begin PBXSourcesBuildPhase section */
		E56BD30D18DE92A500A9FFD7 /* Sources */ = {
			isa = PBXSourcesBuildPhase;
			buildActionMask = 2147483647;
			files = (
				E578868218DE96EC0061AFDE /* EXEPlayViewController.m in Sources */,
				E56BD32118DE92A500A9FFD7 /* main.m in Sources */,
				E56BD32518DE92A500A9FFD7 /* EXEAppDelegate.m in Sources */,
			);
			runOnlyForDeploymentPostprocessing = 0;
		};
		E56BD32818DE92A500A9FFD7 /* Sources */ = {
			isa = PBXSourcesBuildPhase;
			buildActionMask = 2147483647;
			files = (
				E56BD33A18DE92A500A9FFD7 /* ExecuteTests.m in Sources */,
			);
			runOnlyForDeploymentPostprocessing = 0;
		};
/* End PBXSourcesBuildPhase section */

/* Begin PBXTargetDependency section */
		E56BD33218DE92A500A9FFD7 /* PBXTargetDependency */ = {
			isa = PBXTargetDependency;
			target = E56BD31018DE92A500A9FFD7 /* Execute */;
			targetProxy = E56BD33118DE92A500A9FFD7 /* PBXContainerItemProxy */;
		};
/* End PBXTargetDependency section */

/* Begin PBXVariantGroup section */
		E56BD31D18DE92A500A9FFD7 /* InfoPlist.strings */ = {
			isa = PBXVariantGroup;
			children = (
				E56BD31E18DE92A500A9FFD7 /* en */,
			);
			name = InfoPlist.strings;
			sourceTree = "<group>";
		};
		E56BD33618DE92A500A9FFD7 /* InfoPlist.strings */ = {
			isa = PBXVariantGroup;
			children = (
				E56BD33718DE92A500A9FFD7 /* en */,
			);
			name = InfoPlist.strings;
			sourceTree = "<group>";
		};
/* End PBXVariantGroup section */

/* Begin XCBuildConfiguration section */
		E56BD33B18DE92A500A9FFD7 /* Debug */ = {
			isa = XCBuildConfiguration;
			buildSettings = {
				ALWAYS_SEARCH_USER_PATHS = NO;
				CLANG_CXX_LANGUAGE_STANDARD = "gnu++0x";
				CLANG_CXX_LIBRARY = "libc++";
				CLANG_ENABLE_MODULES = YES;
				CLANG_ENABLE_OBJC_ARC = YES;
				CLANG_WARN_BOOL_CONVERSION = YES;
				CLANG_WARN_CONSTANT_CONVERSION = YES;
				CLANG_WARN_DIRECT_OBJC_ISA_USAGE = YES_ERROR;
				CLANG_WARN_EMPTY_BODY = YES;
				CLANG_WARN_ENUM_CONVERSION = YES;
				CLANG_WARN_INT_CONVERSION = YES;
				CLANG_WARN_OBJC_ROOT_CLASS = YES_ERROR;
				CLANG_WARN__DUPLICATE_METHOD_MATCH = YES;
				"CODE_SIGN_IDENTITY[sdk=iphoneos*]" = "iPhone Developer";
				COPY_PHASE_STRIP = NO;
				GCC_C_LANGUAGE_STANDARD = gnu99;
				GCC_DYNAMIC_NO_PIC = NO;
				GCC_OPTIMIZATION_LEVEL = 0;
				GCC_PREPROCESSOR_DEFINITIONS = (
					"DEBUG=1",
					"$(inherited)",
				);
				GCC_SYMBOLS_PRIVATE_EXTERN = NO;
				GCC_WARN_64_TO_32_BIT_CONVERSION = YES;
				GCC_WARN_ABOUT_RETURN_TYPE = YES_ERROR;
				GCC_WARN_UNDECLARED_SELECTOR = YES;
				GCC_WARN_UNINITIALIZED_AUTOS = YES_AGGRESSIVE;
				GCC_WARN_UNUSED_FUNCTION = YES;
				GCC_WARN_UNUSED_VARIABLE = YES;
				IPHONEOS_DEPLOYMENT_TARGET = 7.1;
				ONLY_ACTIVE_ARCH = YES;
				SDKROOT = iphoneos;
			};
			name = Debug;
		};
		E56BD33C18DE92A500A9FFD7 /* Release */ = {
			isa = XCBuildConfiguration;
			buildSettings = {
				ALWAYS_SEARCH_USER_PATHS = NO;
				CLANG_CXX_LANGUAGE_STANDARD = "gnu++0x";
				CLANG_CXX_LIBRARY = "libc++";
				CLANG_ENABLE_MODULES = YES;
				CLANG_ENABLE_OBJC_ARC = YES;
				CLANG_WARN_BOOL_CONVERSION = YES;
				CLANG_WARN_CONSTANT_CONVERSION = YES;
				CLANG_WARN_DIRECT_OBJC_ISA_USAGE = YES_ERROR;
				CLANG_WARN_EMPTY_BODY = YES;
				CLANG_WARN_ENUM_CONVERSION = YES;
				CLANG_WARN_INT_CONVERSION = YES;
				CLANG_WARN_OBJC_ROOT_CLASS = YES_ERROR;
				CLANG_WARN__DUPLICATE_METHOD_MATCH = YES;
				"CODE_SIGN_IDENTITY[sdk=iphoneos*]" = "iPhone Developer";
				COPY_PHASE_STRIP = YES;
				ENABLE_NS_ASSERTIONS = NO;
				GCC_C_LANGUAGE_STANDARD = gnu99;
				GCC_WARN_64_TO_32_BIT_CONVERSION = YES;
				GCC_WARN_ABOUT_RETURN_TYPE = YES_ERROR;
				GCC_WARN_UNDECLARED_SELECTOR = YES;
				GCC_WARN_UNINITIALIZED_AUTOS = YES_AGGRESSIVE;
				GCC_WARN_UNUSED_FUNCTION = YES;
				GCC_WARN_UNUSED_VARIABLE = YES;
				IPHONEOS_DEPLOYMENT_TARGET = 7.1;
				SDKROOT = iphoneos;
				VALIDATE_PRODUCT = YES;
			};
			name = Release;
		};
		E56BD33E18DE92A500A9FFD7 /* Debug */ = {
			isa = XCBuildConfiguration;
			buildSettings = {
				ASSETCATALOG_COMPILER_APPICON_NAME = AppIcon;
				ASSETCATALOG_COMPILER_LAUNCHIMAGE_NAME = LaunchImage;
				GCC_PRECOMPILE_PREFIX_HEADER = YES;
				GCC_PREFIX_HEADER = "Execute/Execute-Prefix.pch";
				INFOPLIST_FILE = "Execute/Execute-Info.plist";
				PRODUCT_NAME = "$(TARGET_NAME)";
				WRAPPER_EXTENSION = app;
			};
			name = Debug;
		};
		E56BD33F18DE92A500A9FFD7 /* Release */ = {
			isa = XCBuildConfiguration;
			buildSettings = {
				ASSETCATALOG_COMPILER_APPICON_NAME = AppIcon;
				ASSETCATALOG_COMPILER_LAUNCHIMAGE_NAME = LaunchImage;
				GCC_PRECOMPILE_PREFIX_HEADER = YES;
				GCC_PREFIX_HEADER = "Execute/Execute-Prefix.pch";
				INFOPLIST_FILE = "Execute/Execute-Info.plist";
				PRODUCT_NAME = "$(TARGET_NAME)";
				WRAPPER_EXTENSION = app;
			};
			name = Release;
		};
		E56BD34118DE92A500A9FFD7 /* Debug */ = {
			isa = XCBuildConfiguration;
			buildSettings = {
				BUNDLE_LOADER = "$(BUILT_PRODUCTS_DIR)/Execute.app/Execute";
				FRAMEWORK_SEARCH_PATHS = (
					"$(SDKROOT)/Developer/Library/Frameworks",
					"$(inherited)",
					"$(DEVELOPER_FRAMEWORKS_DIR)",
				);
				GCC_PRECOMPILE_PREFIX_HEADER = YES;
				GCC_PREFIX_HEADER = "Execute/Execute-Prefix.pch";
				GCC_PREPROCESSOR_DEFINITIONS = (
					"DEBUG=1",
					"$(inherited)",
				);
				INFOPLIST_FILE = "ExecuteTests/ExecuteTests-Info.plist";
				PRODUCT_NAME = "$(TARGET_NAME)";
				TEST_HOST = "$(BUNDLE_LOADER)";
				WRAPPER_EXTENSION = xctest;
			};
			name = Debug;
		};
		E56BD34218DE92A500A9FFD7 /* Release */ = {
			isa = XCBuildConfiguration;
			buildSettings = {
				BUNDLE_LOADER = "$(BUILT_PRODUCTS_DIR)/Execute.app/Execute";
				FRAMEWORK_SEARCH_PATHS = (
					"$(SDKROOT)/Developer/Library/Frameworks",
					"$(inherited)",
					"$(DEVELOPER_FRAMEWORKS_DIR)",
				);
				GCC_PRECOMPILE_PREFIX_HEADER = YES;
				GCC_PREFIX_HEADER = "Execute/Execute-Prefix.pch";
				INFOPLIST_FILE = "ExecuteTests/ExecuteTests-Info.plist";
				PRODUCT_NAME = "$(TARGET_NAME)";
				TEST_HOST = "$(BUNDLE_LOADER)";
				WRAPPER_EXTENSION = xctest;
			};
			name = Release;
		};
/* End XCBuildConfiguration section */

/* Begin XCConfigurationList section */
		E56BD30C18DE92A500A9FFD7 /* Build configuration list for PBXProject "Execute" */ = {
			isa = XCConfigurationList;
			buildConfigurations = (
				E56BD33B18DE92A500A9FFD7 /* Debug */,
				E56BD33C18DE92A500A9FFD7 /* Release */,
			);
			defaultConfigurationIsVisible = 0;
			defaultConfigurationName = Release;
		};
		E56BD33D18DE92A500A9FFD7 /* Build configuration list for PBXNativeTarget "Execute" */ = {
			isa = XCConfigurationList;
			buildConfigurations = (
				E56BD33E18DE92A500A9FFD7 /* Debug */,
				E56BD33F18DE92A500A9FFD7 /* Release */,
			);
			defaultConfigurationIsVisible = 0;
			defaultConfigurationName = Release;
		};
		E56BD34018DE92A500A9FFD7 /* Build configuration list for PBXNativeTarget "ExecuteTests" */ = {
			isa = XCConfigurationList;
			buildConfigurations = (
				E56BD34118DE92A500A9FFD7 /* Debug */,
				E56BD34218DE92A500A9FFD7 /* Release */,
			);
			defaultConfigurationIsVisible = 0;
			defaultConfigurationName = Release;
		};
/* End XCConfigurationList section */
	};
	rootObject = E56BD30918DE92A500A9FFD7 /* Project object */;
}
